
Microsoft Visual Studio Solution File, Format Version 12.00
# Visual Studio 15
VisualStudioVersion = 15.0.26730.12
MinimumVisualStudioVersion = 10.0.40219.1
Project("{8BC9CEB8-8B4A-11D0-8D11-00A0C91BC942}") = "A0-HelloWorld", "A0-HelloWorld\A0-HelloWorld.vcxproj", "{E0EDB3D2-DA1F-4276-9D7F-9063981EE4CD}"
EndProject
Global
	GlobalSection(SolutionConfigurationPlatforms) = preSolution
		Debug|x64 = Debug|x64
		Debug|x86 = Debug|x86
		Release|x64 = Release|x64
		Release|x86 = Release|x86
	EndGlobalSection
	GlobalSection(ProjectConfigurationPlatforms) = postSolution
		{E0EDB3D2-DA1F-4276-9D7F-9063981EE4CD}.Debug|x64.ActiveCfg = Debug|x64
		{E0EDB3D2-DA1F-4276-9D7F-9063981EE4CD}.Debug|x64.Build.0 = Debug|x64
		{E0EDB3D2-DA1F-4276-9D7F-9063981EE4CD}.Debug|x86.ActiveCfg = Debug|Win32
		{E0EDB3D2-DA1F-4276-9D7F-9063981EE4CD}.Debug|x86.Build.0 = Debug|Win32
		{E0EDB3D2-DA1F-4276-9D7F-9063981EE4CD}.Release|x64.ActiveCfg = Release|x64
		{E0EDB3D2-DA1F-4276-9D7F-9063981EE4CD}.Release|x64.Build.0 = Release|x64
		{E0EDB3D2-DA1F-4276-9D7F-9063981EE4CD}.Release|x86.ActiveCfg = Release|Win32
		{E0EDB3D2-DA1F-4276-9D7F-9063981EE4CD}.Release|x86.Build.0 = Release|Win32
	EndGlobalSection
	GlobalSection(SolutionProperties) = preSolution
		HideSolutionNode = FALSE
	EndGlobalSection
	GlobalSection(ExtensibilityGlobals) = postSolution
		SolutionGuid = {B7EBC74C-95F7-4953-87C2-5394C60B9638}
	EndGlobalSection
EndGlobal
